
Microsoft Visual Studio Solution File, Format Version 12.00
# Visual Studio Version 16
VisualStudioVersion = 16.0.30011.22
MinimumVisualStudioVersion = 10.0.40219.1
Project("{9A19103F-16F7-4668-BE54-9A1E7A4F7556}") = "Generics", "Generics\Generics.csproj", "{C41334E5-FDFD-4682-8F01-C383774DD0EA}"
EndProject
Project("{9A19103F-16F7-4668-BE54-9A1E7A4F7556}") = "Delegates", "Delegates\Delegates.csproj", "{C3EA3D59-30DD-429A-9B0E-2D5EEB026468}"
EndProject
Project("{9A19103F-16F7-4668-BE54-9A1E7A4F7556}") = "LambdaExpressions", "LambdaExpressions\LambdaExpressions.csproj", "{D9C0F1D8-E487-478A-BCA8-7B06103E8F1C}"
EndProject
Project("{FAE04EC0-301F-11D3-BF4B-00C04F79EFBC}") = "EventsAndDelegates", "EventsAndDelegates\EventsAndDelegates.csproj", "{F6EC0CBC-5315-46BA-87AE-6CBABA628E5F}"
EndProject
Global
	GlobalSection(SolutionConfigurationPlatforms) = preSolution
		Debug|Any CPU = Debug|Any CPU
		Release|Any CPU = Release|Any CPU
	EndGlobalSection
	GlobalSection(ProjectConfigurationPlatforms) = postSolution
		{C41334E5-FDFD-4682-8F01-C383774DD0EA}.Debug|Any CPU.ActiveCfg = Debug|Any CPU
		{C41334E5-FDFD-4682-8F01-C383774DD0EA}.Debug|Any CPU.Build.0 = Debug|Any CPU
		{C41334E5-FDFD-4682-8F01-C383774DD0EA}.Release|Any CPU.ActiveCfg = Release|Any CPU
		{C41334E5-FDFD-4682-8F01-C383774DD0EA}.Release|Any CPU.Build.0 = Release|Any CPU
		{C3EA3D59-30DD-429A-9B0E-2D5EEB026468}.Debug|Any CPU.ActiveCfg = Debug|Any CPU
		{C3EA3D59-30DD-429A-9B0E-2D5EEB026468}.Debug|Any CPU.Build.0 = Debug|Any CPU
		{C3EA3D59-30DD-429A-9B0E-2D5EEB026468}.Release|Any CPU.ActiveCfg = Release|Any CPU
		{C3EA3D59-30DD-429A-9B0E-2D5EEB026468}.Release|Any CPU.Build.0 = Release|Any CPU
		{D9C0F1D8-E487-478A-BCA8-7B06103E8F1C}.Debug|Any CPU.ActiveCfg = Debug|Any CPU
		{D9C0F1D8-E487-478A-BCA8-7B06103E8F1C}.Debug|Any CPU.Build.0 = Debug|Any CPU
		{D9C0F1D8-E487-478A-BCA8-7B06103E8F1C}.Release|Any CPU.ActiveCfg = Release|Any CPU
		{D9C0F1D8-E487-478A-BCA8-7B06103E8F1C}.Release|Any CPU.Build.0 = Release|Any CPU
		{F6EC0CBC-5315-46BA-87AE-6CBABA628E5F}.Debug|Any CPU.ActiveCfg = Debug|Any CPU
		{F6EC0CBC-5315-46BA-87AE-6CBABA628E5F}.Debug|Any CPU.Build.0 = Debug|Any CPU
		{F6EC0CBC-5315-46BA-87AE-6CBABA628E5F}.Release|Any CPU.ActiveCfg = Release|Any CPU
		{F6EC0CBC-5315-46BA-87AE-6CBABA628E5F}.Release|Any CPU.Build.0 = Release|Any CPU
	EndGlobalSection
	GlobalSection(SolutionProperties) = preSolution
		HideSolutionNode = FALSE
	EndGlobalSection
	GlobalSection(ExtensibilityGlobals) = postSolution
		SolutionGuid = {63A0ED8E-637F-4339-9D90-AC4199C55AC6}
	EndGlobalSection
EndGlobal
